
Microsoft Visual Studio Solution File, Format Version 11.00
# Visual Studio 2010
Project("{FAE04EC0-301F-11D3-BF4B-00C04F79EFBC}") = "PharmaNet.Sales.Domain", "PharmaNet.Sales.Domain\PharmaNet.Sales.Domain.csproj", "{A8EFE357-E6F1-4357-8C99-0400618C874E}"
EndProject
Project("{FAE04EC0-301F-11D3-BF4B-00C04F79EFBC}") = "PharmaNet.Sales.Application", "PharmaNet.Sales.Application\PharmaNet.Sales.Application.csproj", "{BD8DACAC-1EC0-4BA6-AE8C-939E34AF5491}"
EndProject
Project("{FAE04EC0-301F-11D3-BF4B-00C04F79EFBC}") = "PharmaNet.Sales.Presentation", "PharmaNet.Sales.Presentation\PharmaNet.Sales.Presentation.csproj", "{F3AE314E-1D19-42D5-AB24-C07CBF6B7B58}"
EndProject
Project("{FAE04EC0-301F-11D3-BF4B-00C04F79EFBC}") = "PharmaNet.Sales.Test", "PharmaNet.Sales.Test\PharmaNet.Sales.Test.csproj", "{64251F88-C8E9-4E23-ADB4-C4084B59408E}"
EndProject
Project("{2150E333-8FDC-42A3-9474-1A3956D46DE8}") = "Solution Items", "Solution Items", "{90FFB584-653F-40A5-BF7F-59EEC18E714A}"
	ProjectSection(SolutionItems) = preProject
		Local.testsettings = Local.testsettings
		Sales.vsmdi = Sales.vsmdi
		TraceAndTestImpact.testsettings = TraceAndTestImpact.testsettings
	EndProjectSection
EndProject
Project("{2150E333-8FDC-42A3-9474-1A3956D46DE8}") = ".nuget", ".nuget", "{5F945565-1E20-4A7E-A636-E83D8D1E32C1}"
	ProjectSection(SolutionItems) = preProject
		.nuget\NuGet.Config = .nuget\NuGet.Config
		.nuget\NuGet.exe = .nuget\NuGet.exe
		.nuget\NuGet.targets = .nuget\NuGet.targets
	EndProjectSection
EndProject
Project("{FAE04EC0-301F-11D3-BF4B-00C04F79EFBC}") = "PharmaNet.Sales.Subscriber", "PharmaNet.Sales.Subscriber\PharmaNet.Sales.Subscriber.csproj", "{2CBE8E72-8E4C-4E43-9B3B-F92D5709A81C}"
EndProject
Project("{FAE04EC0-301F-11D3-BF4B-00C04F79EFBC}") = "PharmaNet.Sales.SQL", "PharmaNet.Sales.SQL\PharmaNet.Sales.SQL.csproj", "{196CD728-9B0C-40E2-BD12-3168F3790B09}"
EndProject
Global
	GlobalSection(TestCaseManagementSettings) = postSolution
		CategoryFile = Sales.vsmdi
	EndGlobalSection
	GlobalSection(SolutionConfigurationPlatforms) = preSolution
		Debug|Any CPU = Debug|Any CPU
		Debug|Mixed Platforms = Debug|Mixed Platforms
		Debug|x86 = Debug|x86
		Release|Any CPU = Release|Any CPU
		Release|Mixed Platforms = Release|Mixed Platforms
		Release|x86 = Release|x86
	EndGlobalSection
	GlobalSection(ProjectConfigurationPlatforms) = postSolution
		{A8EFE357-E6F1-4357-8C99-0400618C874E}.Debug|Any CPU.ActiveCfg = Debug|Any CPU
		{A8EFE357-E6F1-4357-8C99-0400618C874E}.Debug|Any CPU.Build.0 = Debug|Any CPU
		{A8EFE357-E6F1-4357-8C99-0400618C874E}.Debug|Mixed Platforms.ActiveCfg = Debug|Any CPU
		{A8EFE357-E6F1-4357-8C99-0400618C874E}.Debug|Mixed Platforms.Build.0 = Debug|Any CPU
		{A8EFE357-E6F1-4357-8C99-0400618C874E}.Debug|x86.ActiveCfg = Debug|Any CPU
		{A8EFE357-E6F1-4357-8C99-0400618C874E}.Release|Any CPU.ActiveCfg = Release|Any CPU
		{A8EFE357-E6F1-4357-8C99-0400618C874E}.Release|Any CPU.Build.0 = Release|Any CPU
		{A8EFE357-E6F1-4357-8C99-0400618C874E}.Release|Mixed Platforms.ActiveCfg = Release|Any CPU
		{A8EFE357-E6F1-4357-8C99-0400618C874E}.Release|Mixed Platforms.Build.0 = Release|Any CPU
		{A8EFE357-E6F1-4357-8C99-0400618C874E}.Release|x86.ActiveCfg = Release|Any CPU
		{BD8DACAC-1EC0-4BA6-AE8C-939E34AF5491}.Debug|Any CPU.ActiveCfg = Debug|Any CPU
		{BD8DACAC-1EC0-4BA6-AE8C-939E34AF5491}.Debug|Any CPU.Build.0 = Debug|Any CPU
		{BD8DACAC-1EC0-4BA6-AE8C-939E34AF5491}.Debug|Mixed Platforms.ActiveCfg = Debug|Any CPU
		{BD8DACAC-1EC0-4BA6-AE8C-939E34AF5491}.Debug|Mixed Platforms.Build.0 = Debug|Any CPU
		{BD8DACAC-1EC0-4BA6-AE8C-939E34AF5491}.Debug|x86.ActiveCfg = Debug|Any CPU
		{BD8DACAC-1EC0-4BA6-AE8C-939E34AF5491}.Release|Any CPU.ActiveCfg = Release|Any CPU
		{BD8DACAC-1EC0-4BA6-AE8C-939E34AF5491}.Release|Any CPU.Build.0 = Release|Any CPU
		{BD8DACAC-1EC0-4BA6-AE8C-939E34AF5491}.Release|Mixed Platforms.ActiveCfg = Release|Any CPU
		{BD8DACAC-1EC0-4BA6-AE8C-939E34AF5491}.Release|Mixed Platforms.Build.0 = Release|Any CPU
		{BD8DACAC-1EC0-4BA6-AE8C-939E34AF5491}.Release|x86.ActiveCfg = Release|Any CPU
		{F3AE314E-1D19-42D5-AB24-C07CBF6B7B58}.Debug|Any CPU.ActiveCfg = Debug|Any CPU
		{F3AE314E-1D19-42D5-AB24-C07CBF6B7B58}.Debug|Any CPU.Build.0 = Debug|Any CPU
		{F3AE314E-1D19-42D5-AB24-C07CBF6B7B58}.Debug|Mixed Platforms.ActiveCfg = Debug|Any CPU
		{F3AE314E-1D19-42D5-AB24-C07CBF6B7B58}.Debug|Mixed Platforms.Build.0 = Debug|Any CPU
		{F3AE314E-1D19-42D5-AB24-C07CBF6B7B58}.Debug|x86.ActiveCfg = Debug|Any CPU
		{F3AE314E-1D19-42D5-AB24-C07CBF6B7B58}.Release|Any CPU.ActiveCfg = Release|Any CPU
		{F3AE314E-1D19-42D5-AB24-C07CBF6B7B58}.Release|Any CPU.Build.0 = Release|Any CPU
		{F3AE314E-1D19-42D5-AB24-C07CBF6B7B58}.Release|Mixed Platforms.ActiveCfg = Release|Any CPU
		{F3AE314E-1D19-42D5-AB24-C07CBF6B7B58}.Release|Mixed Platforms.Build.0 = Release|Any CPU
		{F3AE314E-1D19-42D5-AB24-C07CBF6B7B58}.Release|x86.ActiveCfg = Release|Any CPU
		{64251F88-C8E9-4E23-ADB4-C4084B59408E}.Debug|Any CPU.ActiveCfg = Debug|Any CPU
		{64251F88-C8E9-4E23-ADB4-C4084B59408E}.Debug|Any CPU.Build.0 = Debug|Any CPU
		{64251F88-C8E9-4E23-ADB4-C4084B59408E}.Debug|Mixed Platforms.ActiveCfg = Debug|Any CPU
		{64251F88-C8E9-4E23-ADB4-C4084B59408E}.Debug|Mixed Platforms.Build.0 = Debug|Any CPU
		{64251F88-C8E9-4E23-ADB4-C4084B59408E}.Debug|x86.ActiveCfg = Debug|Any CPU
		{64251F88-C8E9-4E23-ADB4-C4084B59408E}.Release|Any CPU.ActiveCfg = Release|Any CPU
		{64251F88-C8E9-4E23-ADB4-C4084B59408E}.Release|Any CPU.Build.0 = Release|Any CPU
		{64251F88-C8E9-4E23-ADB4-C4084B59408E}.Release|Mixed Platforms.ActiveCfg = Release|Any CPU
		{64251F88-C8E9-4E23-ADB4-C4084B59408E}.Release|Mixed Platforms.Build.0 = Release|Any CPU
		{64251F88-C8E9-4E23-ADB4-C4084B59408E}.Release|x86.ActiveCfg = Release|Any CPU
		{2CBE8E72-8E4C-4E43-9B3B-F92D5709A81C}.Debug|Any CPU.ActiveCfg = Debug|x86
		{2CBE8E72-8E4C-4E43-9B3B-F92D5709A81C}.Debug|Mixed Platforms.ActiveCfg = Debug|x86
		{2CBE8E72-8E4C-4E43-9B3B-F92D5709A81C}.Debug|Mixed Platforms.Build.0 = Debug|x86
		{2CBE8E72-8E4C-4E43-9B3B-F92D5709A81C}.Debug|x86.ActiveCfg = Debug|x86
		{2CBE8E72-8E4C-4E43-9B3B-F92D5709A81C}.Debug|x86.Build.0 = Debug|x86
		{2CBE8E72-8E4C-4E43-9B3B-F92D5709A81C}.Release|Any CPU.ActiveCfg = Release|x86
		{2CBE8E72-8E4C-4E43-9B3B-F92D5709A81C}.Release|Mixed Platforms.ActiveCfg = Release|x86
		{2CBE8E72-8E4C-4E43-9B3B-F92D5709A81C}.Release|Mixed Platforms.Build.0 = Release|x86
		{2CBE8E72-8E4C-4E43-9B3B-F92D5709A81C}.Release|x86.ActiveCfg = Release|x86
		{2CBE8E72-8E4C-4E43-9B3B-F92D5709A81C}.Release|x86.Build.0 = Release|x86
		{196CD728-9B0C-40E2-BD12-3168F3790B09}.Debug|Any CPU.ActiveCfg = Debug|Any CPU
		{196CD728-9B0C-40E2-BD12-3168F3790B09}.Debug|Any CPU.Build.0 = Debug|Any CPU
		{196CD728-9B0C-40E2-BD12-3168F3790B09}.Debug|Mixed Platforms.ActiveCfg = Debug|Any CPU
		{196CD728-9B0C-40E2-BD12-3168F3790B09}.Debug|Mixed Platforms.Build.0 = Debug|Any CPU
		{196CD728-9B0C-40E2-BD12-3168F3790B09}.Debug|x86.ActiveCfg = Debug|Any CPU
		{196CD728-9B0C-40E2-BD12-3168F3790B09}.Release|Any CPU.ActiveCfg = Release|Any CPU
		{196CD728-9B0C-40E2-BD12-3168F3790B09}.Release|Any CPU.Build.0 = Release|Any CPU
		{196CD728-9B0C-40E2-BD12-3168F3790B09}.Release|Mixed Platforms.ActiveCfg = Release|Any CPU
		{196CD728-9B0C-40E2-BD12-3168F3790B09}.Release|Mixed Platforms.Build.0 = Release|Any CPU
		{196CD728-9B0C-40E2-BD12-3168F3790B09}.Release|x86.ActiveCfg = Release|Any CPU
	EndGlobalSection
	GlobalSection(SolutionProperties) = preSolution
		HideSolutionNode = FALSE
	EndGlobalSection
EndGlobal
