
Microsoft Visual Studio Solution File, Format Version 12.00
# Visual Studio 2010
Project("{FAE04EC0-301F-11D3-BF4B-00C04F79EFBC}") = "PharmaNet.Fulfillment.Domain", "PharmaNet.Fulfillment.Domain\PharmaNet.Fulfillment.Domain.csproj", "{7E112EA0-15B1-426B-8BBC-FADF5234278B}"
EndProject
Project("{FAE04EC0-301F-11D3-BF4B-00C04F79EFBC}") = "PharmaNet.Fulfillment.Application", "PharmaNet.Fulfillment.Application\PharmaNet.Fulfillment.Application.csproj", "{FEB932F4-3E7D-49C3-A434-E96515DC4236}"
EndProject
Project("{FAE04EC0-301F-11D3-BF4B-00C04F79EFBC}") = "PharmaNet.Fulfillment.Test", "PharmaNet.Fulfillment.Test\PharmaNet.Fulfillment.Test.csproj", "{DD2DAC28-4F46-4937-8088-4D92AA245BF4}"
EndProject
Project("{2150E333-8FDC-42A3-9474-1A3956D46DE8}") = "Solution Items", "Solution Items", "{F72EBEE2-A392-4E3B-8A09-1E0E02A3CE7C}"
	ProjectSection(SolutionItems) = preProject
		Fulfillment.vsmdi = Fulfillment.vsmdi
		Local.testsettings = Local.testsettings
		TraceAndTestImpact.testsettings = TraceAndTestImpact.testsettings
	EndProjectSection
EndProject
Project("{FAE04EC0-301F-11D3-BF4B-00C04F79EFBC}") = "PharmaNet.Fulfillment.SQL", "PharmaNet.Fulfillment.SQL\PharmaNet.Fulfillment.SQL.csproj", "{1D31BB1F-1B2B-4E40-B9E5-548D0FA3CB7A}"
EndProject
Project("{FAE04EC0-301F-11D3-BF4B-00C04F79EFBC}") = "PharmaNet.Fulfillment.Consumer", "PharmaNet.Fulfillment.Consumer\PharmaNet.Fulfillment.Consumer.csproj", "{45B3C8C6-E2E0-4591-8422-5853190E9AB4}"
EndProject
Project("{FAE04EC0-301F-11D3-BF4B-00C04F79EFBC}") = "PharmaNet.Fulfillment.Contract", "PharmaNet.Fulfillment.Contract\PharmaNet.Fulfillment.Contract.csproj", "{0A0D84B5-B543-4765-81FB-7751A7845430}"
EndProject
Project("{FAE04EC0-301F-11D3-BF4B-00C04F79EFBC}") = "PharmaNet.Fulfillment.Presentation", "PharmaNet.Fulfillment.Presentation\PharmaNet.Fulfillment.Presentation.csproj", "{22136F3C-A65A-4DAD-8738-942742276CCB}"
EndProject
Project("{2150E333-8FDC-42A3-9474-1A3956D46DE8}") = ".nuget", ".nuget", "{94DC6EAF-7A3D-4EE8-80FB-6DE2746E1425}"
	ProjectSection(SolutionItems) = preProject
		.nuget\NuGet.Config = .nuget\NuGet.Config
		.nuget\NuGet.exe = .nuget\NuGet.exe
		.nuget\NuGet.targets = .nuget\NuGet.targets
	EndProjectSection
EndProject
Project("{FAE04EC0-301F-11D3-BF4B-00C04F79EFBC}") = "PharmaNet.Fulfillment.Handler", "PharmaNet.Fulfillment.Handler\PharmaNet.Fulfillment.Handler.csproj", "{4FC5E7D7-825D-4ACE-8846-BFD016A39B42}"
EndProject
Project("{FAE04EC0-301F-11D3-BF4B-00C04F79EFBC}") = "PharmaNet.Fulfillment.Messages", "PharmaNet.Fulfillment.Messages\PharmaNet.Fulfillment.Messages.csproj", "{1CD80D18-92D9-4395-9FAA-440D70D571AE}"
EndProject
Project("{2150E333-8FDC-42A3-9474-1A3956D46DE8}") = "Package", "Package", "{69A0F329-9EC0-4A33-9374-AFB44EBE1907}"
EndProject
Project("{2150E333-8FDC-42A3-9474-1A3956D46DE8}") = "Messages", "Messages", "{B63A6265-857A-454A-ABCB-EC274D4CDF31}"
	ProjectSection(SolutionItems) = preProject
		Package\Messages\PharmaNet.Fulfillment.Messages.nuspec = Package\Messages\PharmaNet.Fulfillment.Messages.nuspec
	EndProjectSection
EndProject
Global
	GlobalSection(TestCaseManagementSettings) = postSolution
		CategoryFile = Fulfillment.vsmdi
	EndGlobalSection
	GlobalSection(SolutionConfigurationPlatforms) = preSolution
		Debug|Any CPU = Debug|Any CPU
		Debug|Mixed Platforms = Debug|Mixed Platforms
		Debug|x86 = Debug|x86
		Release|Any CPU = Release|Any CPU
		Release|Mixed Platforms = Release|Mixed Platforms
		Release|x86 = Release|x86
	EndGlobalSection
	GlobalSection(ProjectConfigurationPlatforms) = postSolution
		{7E112EA0-15B1-426B-8BBC-FADF5234278B}.Debug|Any CPU.ActiveCfg = Debug|Any CPU
		{7E112EA0-15B1-426B-8BBC-FADF5234278B}.Debug|Any CPU.Build.0 = Debug|Any CPU
		{7E112EA0-15B1-426B-8BBC-FADF5234278B}.Debug|Mixed Platforms.ActiveCfg = Debug|Any CPU
		{7E112EA0-15B1-426B-8BBC-FADF5234278B}.Debug|Mixed Platforms.Build.0 = Debug|Any CPU
		{7E112EA0-15B1-426B-8BBC-FADF5234278B}.Debug|x86.ActiveCfg = Debug|Any CPU
		{7E112EA0-15B1-426B-8BBC-FADF5234278B}.Release|Any CPU.ActiveCfg = Release|Any CPU
		{7E112EA0-15B1-426B-8BBC-FADF5234278B}.Release|Any CPU.Build.0 = Release|Any CPU
		{7E112EA0-15B1-426B-8BBC-FADF5234278B}.Release|Mixed Platforms.ActiveCfg = Release|Any CPU
		{7E112EA0-15B1-426B-8BBC-FADF5234278B}.Release|Mixed Platforms.Build.0 = Release|Any CPU
		{7E112EA0-15B1-426B-8BBC-FADF5234278B}.Release|x86.ActiveCfg = Release|Any CPU
		{FEB932F4-3E7D-49C3-A434-E96515DC4236}.Debug|Any CPU.ActiveCfg = Debug|Any CPU
		{FEB932F4-3E7D-49C3-A434-E96515DC4236}.Debug|Any CPU.Build.0 = Debug|Any CPU
		{FEB932F4-3E7D-49C3-A434-E96515DC4236}.Debug|Mixed Platforms.ActiveCfg = Debug|Any CPU
		{FEB932F4-3E7D-49C3-A434-E96515DC4236}.Debug|Mixed Platforms.Build.0 = Debug|Any CPU
		{FEB932F4-3E7D-49C3-A434-E96515DC4236}.Debug|x86.ActiveCfg = Debug|Any CPU
		{FEB932F4-3E7D-49C3-A434-E96515DC4236}.Release|Any CPU.ActiveCfg = Release|Any CPU
		{FEB932F4-3E7D-49C3-A434-E96515DC4236}.Release|Any CPU.Build.0 = Release|Any CPU
		{FEB932F4-3E7D-49C3-A434-E96515DC4236}.Release|Mixed Platforms.ActiveCfg = Release|Any CPU
		{FEB932F4-3E7D-49C3-A434-E96515DC4236}.Release|Mixed Platforms.Build.0 = Release|Any CPU
		{FEB932F4-3E7D-49C3-A434-E96515DC4236}.Release|x86.ActiveCfg = Release|Any CPU
		{DD2DAC28-4F46-4937-8088-4D92AA245BF4}.Debug|Any CPU.ActiveCfg = Debug|Any CPU
		{DD2DAC28-4F46-4937-8088-4D92AA245BF4}.Debug|Any CPU.Build.0 = Debug|Any CPU
		{DD2DAC28-4F46-4937-8088-4D92AA245BF4}.Debug|Mixed Platforms.ActiveCfg = Debug|Any CPU
		{DD2DAC28-4F46-4937-8088-4D92AA245BF4}.Debug|Mixed Platforms.Build.0 = Debug|Any CPU
		{DD2DAC28-4F46-4937-8088-4D92AA245BF4}.Debug|x86.ActiveCfg = Debug|Any CPU
		{DD2DAC28-4F46-4937-8088-4D92AA245BF4}.Release|Any CPU.ActiveCfg = Release|Any CPU
		{DD2DAC28-4F46-4937-8088-4D92AA245BF4}.Release|Any CPU.Build.0 = Release|Any CPU
		{DD2DAC28-4F46-4937-8088-4D92AA245BF4}.Release|Mixed Platforms.ActiveCfg = Release|Any CPU
		{DD2DAC28-4F46-4937-8088-4D92AA245BF4}.Release|Mixed Platforms.Build.0 = Release|Any CPU
		{DD2DAC28-4F46-4937-8088-4D92AA245BF4}.Release|x86.ActiveCfg = Release|Any CPU
		{1D31BB1F-1B2B-4E40-B9E5-548D0FA3CB7A}.Debug|Any CPU.ActiveCfg = Debug|Any CPU
		{1D31BB1F-1B2B-4E40-B9E5-548D0FA3CB7A}.Debug|Any CPU.Build.0 = Debug|Any CPU
		{1D31BB1F-1B2B-4E40-B9E5-548D0FA3CB7A}.Debug|Mixed Platforms.ActiveCfg = Debug|Any CPU
		{1D31BB1F-1B2B-4E40-B9E5-548D0FA3CB7A}.Debug|Mixed Platforms.Build.0 = Debug|Any CPU
		{1D31BB1F-1B2B-4E40-B9E5-548D0FA3CB7A}.Debug|x86.ActiveCfg = Debug|Any CPU
		{1D31BB1F-1B2B-4E40-B9E5-548D0FA3CB7A}.Release|Any CPU.ActiveCfg = Release|Any CPU
		{1D31BB1F-1B2B-4E40-B9E5-548D0FA3CB7A}.Release|Any CPU.Build.0 = Release|Any CPU
		{1D31BB1F-1B2B-4E40-B9E5-548D0FA3CB7A}.Release|Mixed Platforms.ActiveCfg = Release|Any CPU
		{1D31BB1F-1B2B-4E40-B9E5-548D0FA3CB7A}.Release|Mixed Platforms.Build.0 = Release|Any CPU
		{1D31BB1F-1B2B-4E40-B9E5-548D0FA3CB7A}.Release|x86.ActiveCfg = Release|Any CPU
		{45B3C8C6-E2E0-4591-8422-5853190E9AB4}.Debug|Any CPU.ActiveCfg = Debug|x86
		{45B3C8C6-E2E0-4591-8422-5853190E9AB4}.Debug|Mixed Platforms.ActiveCfg = Debug|x86
		{45B3C8C6-E2E0-4591-8422-5853190E9AB4}.Debug|Mixed Platforms.Build.0 = Debug|x86
		{45B3C8C6-E2E0-4591-8422-5853190E9AB4}.Debug|x86.ActiveCfg = Debug|x86
		{45B3C8C6-E2E0-4591-8422-5853190E9AB4}.Debug|x86.Build.0 = Debug|x86
		{45B3C8C6-E2E0-4591-8422-5853190E9AB4}.Release|Any CPU.ActiveCfg = Release|x86
		{45B3C8C6-E2E0-4591-8422-5853190E9AB4}.Release|Mixed Platforms.ActiveCfg = Release|x86
		{45B3C8C6-E2E0-4591-8422-5853190E9AB4}.Release|Mixed Platforms.Build.0 = Release|x86
		{45B3C8C6-E2E0-4591-8422-5853190E9AB4}.Release|x86.ActiveCfg = Release|x86
		{45B3C8C6-E2E0-4591-8422-5853190E9AB4}.Release|x86.Build.0 = Release|x86
		{0A0D84B5-B543-4765-81FB-7751A7845430}.Debug|Any CPU.ActiveCfg = Debug|Any CPU
		{0A0D84B5-B543-4765-81FB-7751A7845430}.Debug|Any CPU.Build.0 = Debug|Any CPU
		{0A0D84B5-B543-4765-81FB-7751A7845430}.Debug|Mixed Platforms.ActiveCfg = Debug|Any CPU
		{0A0D84B5-B543-4765-81FB-7751A7845430}.Debug|Mixed Platforms.Build.0 = Debug|Any CPU
		{0A0D84B5-B543-4765-81FB-7751A7845430}.Debug|x86.ActiveCfg = Debug|Any CPU
		{0A0D84B5-B543-4765-81FB-7751A7845430}.Release|Any CPU.ActiveCfg = Release|Any CPU
		{0A0D84B5-B543-4765-81FB-7751A7845430}.Release|Any CPU.Build.0 = Release|Any CPU
		{0A0D84B5-B543-4765-81FB-7751A7845430}.Release|Mixed Platforms.ActiveCfg = Release|Any CPU
		{0A0D84B5-B543-4765-81FB-7751A7845430}.Release|Mixed Platforms.Build.0 = Release|Any CPU
		{0A0D84B5-B543-4765-81FB-7751A7845430}.Release|x86.ActiveCfg = Release|Any CPU
		{22136F3C-A65A-4DAD-8738-942742276CCB}.Debug|Any CPU.ActiveCfg = Debug|Any CPU
		{22136F3C-A65A-4DAD-8738-942742276CCB}.Debug|Any CPU.Build.0 = Debug|Any CPU
		{22136F3C-A65A-4DAD-8738-942742276CCB}.Debug|Mixed Platforms.ActiveCfg = Debug|Any CPU
		{22136F3C-A65A-4DAD-8738-942742276CCB}.Debug|Mixed Platforms.Build.0 = Debug|Any CPU
		{22136F3C-A65A-4DAD-8738-942742276CCB}.Debug|x86.ActiveCfg = Debug|Any CPU
		{22136F3C-A65A-4DAD-8738-942742276CCB}.Release|Any CPU.ActiveCfg = Release|Any CPU
		{22136F3C-A65A-4DAD-8738-942742276CCB}.Release|Any CPU.Build.0 = Release|Any CPU
		{22136F3C-A65A-4DAD-8738-942742276CCB}.Release|Mixed Platforms.ActiveCfg = Release|Any CPU
		{22136F3C-A65A-4DAD-8738-942742276CCB}.Release|Mixed Platforms.Build.0 = Release|Any CPU
		{22136F3C-A65A-4DAD-8738-942742276CCB}.Release|x86.ActiveCfg = Release|Any CPU
		{4FC5E7D7-825D-4ACE-8846-BFD016A39B42}.Debug|Any CPU.ActiveCfg = Debug|Any CPU
		{4FC5E7D7-825D-4ACE-8846-BFD016A39B42}.Debug|Any CPU.Build.0 = Debug|Any CPU
		{4FC5E7D7-825D-4ACE-8846-BFD016A39B42}.Debug|Mixed Platforms.ActiveCfg = Debug|Any CPU
		{4FC5E7D7-825D-4ACE-8846-BFD016A39B42}.Debug|Mixed Platforms.Build.0 = Debug|Any CPU
		{4FC5E7D7-825D-4ACE-8846-BFD016A39B42}.Debug|x86.ActiveCfg = Debug|Any CPU
		{4FC5E7D7-825D-4ACE-8846-BFD016A39B42}.Release|Any CPU.ActiveCfg = Release|Any CPU
		{4FC5E7D7-825D-4ACE-8846-BFD016A39B42}.Release|Any CPU.Build.0 = Release|Any CPU
		{4FC5E7D7-825D-4ACE-8846-BFD016A39B42}.Release|Mixed Platforms.ActiveCfg = Release|Any CPU
		{4FC5E7D7-825D-4ACE-8846-BFD016A39B42}.Release|Mixed Platforms.Build.0 = Release|Any CPU
		{4FC5E7D7-825D-4ACE-8846-BFD016A39B42}.Release|x86.ActiveCfg = Release|Any CPU
		{1CD80D18-92D9-4395-9FAA-440D70D571AE}.Debug|Any CPU.ActiveCfg = Debug|Any CPU
		{1CD80D18-92D9-4395-9FAA-440D70D571AE}.Debug|Any CPU.Build.0 = Debug|Any CPU
		{1CD80D18-92D9-4395-9FAA-440D70D571AE}.Debug|Mixed Platforms.ActiveCfg = Debug|Any CPU
		{1CD80D18-92D9-4395-9FAA-440D70D571AE}.Debug|Mixed Platforms.Build.0 = Debug|Any CPU
		{1CD80D18-92D9-4395-9FAA-440D70D571AE}.Debug|x86.ActiveCfg = Debug|Any CPU
		{1CD80D18-92D9-4395-9FAA-440D70D571AE}.Release|Any CPU.ActiveCfg = Release|Any CPU
		{1CD80D18-92D9-4395-9FAA-440D70D571AE}.Release|Any CPU.Build.0 = Release|Any CPU
		{1CD80D18-92D9-4395-9FAA-440D70D571AE}.Release|Mixed Platforms.ActiveCfg = Release|Any CPU
		{1CD80D18-92D9-4395-9FAA-440D70D571AE}.Release|Mixed Platforms.Build.0 = Release|Any CPU
		{1CD80D18-92D9-4395-9FAA-440D70D571AE}.Release|x86.ActiveCfg = Release|Any CPU
	EndGlobalSection
	GlobalSection(SolutionProperties) = preSolution
		HideSolutionNode = FALSE
	EndGlobalSection
	GlobalSection(NestedProjects) = preSolution
		{B63A6265-857A-454A-ABCB-EC274D4CDF31} = {69A0F329-9EC0-4A33-9374-AFB44EBE1907}
	EndGlobalSection
EndGlobal
